
Microsoft Visual Studio Solution File, Format Version 12.00
# Visual Studio 15
VisualStudioVersion = 15.0.28307.757
MinimumVisualStudioVersion = 10.0.40219.1
Project("{8BC9CEB8-8B4A-11D0-8D11-00A0C91BC942}") = "hookin", "hookin\hookin.vcxproj", "{4B348B7A-6A6A-456B-82C0-0ABE1236BB9C}"
EndProject
Global
	GlobalSection(SolutionConfigurationPlatforms) = preSolution
		Debug|x64 = Debug|x64
		Debug|x86 = Debug|x86
		Release|x64 = Release|x64
		Release|x86 = Release|x86
	EndGlobalSection
	GlobalSection(ProjectConfigurationPlatforms) = postSolution
		{4B348B7A-6A6A-456B-82C0-0ABE1236BB9C}.Debug|x64.ActiveCfg = Debug|x64
		{4B348B7A-6A6A-456B-82C0-0ABE1236BB9C}.Debug|x64.Build.0 = Debug|x64
		{4B348B7A-6A6A-456B-82C0-0ABE1236BB9C}.Debug|x86.ActiveCfg = Debug|Win32
		{4B348B7A-6A6A-456B-82C0-0ABE1236BB9C}.Debug|x86.Build.0 = Debug|Win32
		{4B348B7A-6A6A-456B-82C0-0ABE1236BB9C}.Release|x64.ActiveCfg = Release|x64
		{4B348B7A-6A6A-456B-82C0-0ABE1236BB9C}.Release|x64.Build.0 = Release|x64
		{4B348B7A-6A6A-456B-82C0-0ABE1236BB9C}.Release|x86.ActiveCfg = Release|Win32
		{4B348B7A-6A6A-456B-82C0-0ABE1236BB9C}.Release|x86.Build.0 = Release|Win32
	EndGlobalSection
	GlobalSection(SolutionProperties) = preSolution
		HideSolutionNode = FALSE
	EndGlobalSection
	GlobalSection(ExtensibilityGlobals) = postSolution
		SolutionGuid = {8D3FDFA9-1DA6-4A5D-AF0B-E7F5DA4D06C6}
	EndGlobalSection
EndGlobal
